
Microsoft Visual Studio Solution File, Format Version 12.00
# Visual Studio Version 17
VisualStudioVersion = 17.6.33829.357
MinimumVisualStudioVersion = 10.0.40219.1
Project("{8BC9CEB8-8B4A-11D0-8D11-00A0C91BC942}") = "Bai7_ThuTrongTuan", "Bai7_ThuTrongTuan.vcxproj", "{95D7FBE6-EBB4-4730-A9BC-EC72DEAFDD89}"
EndProject
Global
	GlobalSection(SolutionConfigurationPlatforms) = preSolution
		Debug|x64 = Debug|x64
		Debug|x86 = Debug|x86
		Release|x64 = Release|x64
		Release|x86 = Release|x86
	EndGlobalSection
	GlobalSection(ProjectConfigurationPlatforms) = postSolution
		{95D7FBE6-EBB4-4730-A9BC-EC72DEAFDD89}.Debug|x64.ActiveCfg = Debug|x64
		{95D7FBE6-EBB4-4730-A9BC-EC72DEAFDD89}.Debug|x64.Build.0 = Debug|x64
		{95D7FBE6-EBB4-4730-A9BC-EC72DEAFDD89}.Debug|x86.ActiveCfg = Debug|Win32
		{95D7FBE6-EBB4-4730-A9BC-EC72DEAFDD89}.Debug|x86.Build.0 = Debug|Win32
		{95D7FBE6-EBB4-4730-A9BC-EC72DEAFDD89}.Release|x64.ActiveCfg = Release|x64
		{95D7FBE6-EBB4-4730-A9BC-EC72DEAFDD89}.Release|x64.Build.0 = Release|x64
		{95D7FBE6-EBB4-4730-A9BC-EC72DEAFDD89}.Release|x86.ActiveCfg = Release|Win32
		{95D7FBE6-EBB4-4730-A9BC-EC72DEAFDD89}.Release|x86.Build.0 = Release|Win32
	EndGlobalSection
	GlobalSection(SolutionProperties) = preSolution
		HideSolutionNode = FALSE
	EndGlobalSection
	GlobalSection(ExtensibilityGlobals) = postSolution
		SolutionGuid = {2EC7525E-10EF-411C-8AE5-6EC3634FA134}
	EndGlobalSection
EndGlobal
